// !$*UTF8*$!
{
	archiveVersion = 1;
	classes = {
	};
	objectVersion = 70;
	objects = {

/* Begin PBXBuildFile section */
		1A2B3C4D5E6F708190A0B0C1 /* KonnorDailyApp.swift in Sources */ = {isa = PBXBuildFile; fileRef = 1A2B3C4D5E6F708190A0B0A1 /* KonnorDailyApp.swift */; };
		1A2B3C4D5E6F708190A0B0C2 /* ContentView.swift in Sources */ = {isa = PBXBuildFile; fileRef = 1A2B3C4D5E6F708190A0B0A2 /* ContentView.swift */; };
		1A2B3C4D5E6F708190A0B0C3 /* PlayerModels.swift in Sources */ = {isa = PBXBuildFile; fileRef = 1A2B3C4D5E6F708190A0B0A3 /* PlayerModels.swift */; };
		1A2B3C4D5E6F708190A0B0C4 /* PlayerService.swift in Sources */ = {isa = PBXBuildFile; fileRef = 1A2B3C4D5E6F708190A0B0A4 /* PlayerService.swift */; };
		1A2B3C4D5E6F708190A0B0C5 /* StoriesService.swift in Sources */ = {isa = PBXBuildFile; fileRef = 1A2B3C4D5E6F708190A0B0A5 /* StoriesService.swift */; };
		1A2B3C4D5E6F708190A0B0C6 /* DashboardViewModel.swift in Sources */ = {isa = PBXBuildFile; fileRef = 1A2B3C4D5E6F708190A0B0A6 /* DashboardViewModel.swift */; };
		1A2B3C4D5E6F708190A0B0C7 /* Assets.xcassets in Resources */ = {isa = PBXBuildFile; fileRef = 1A2B3C4D5E6F708190A0B0A8 /* Assets.xcassets */; };
		7E38EDB22FF4A16B00EF0B00 /* OfflineCache.swift in Sources */ = {isa = PBXBuildFile; fileRef = 7E38EDB12FF4A16B00EF0B00 /* OfflineCache.swift */; };
		7E0D50012A11000100000001 /* GameDayScheduleService.swift in Sources */ = {isa = PBXBuildFile; fileRef = 7E0D50012A110001000000A1 /* GameDayScheduleService.swift */; };
		7E0D50012A11000100000002 /* GameDayScheduleService.swift in Sources */ = {isa = PBXBuildFile; fileRef = 7E0D50012A110001000000A1 /* GameDayScheduleService.swift */; };
		7E0D50012A11000100000003 /* GameDayScheduleService.swift in Sources */ = {isa = PBXBuildFile; fileRef = 7E0D50012A110001000000A1 /* GameDayScheduleService.swift */; };
		7E0D50012A11000100000004 /* PlayerModels.swift in Sources */ = {isa = PBXBuildFile; fileRef = 1A2B3C4D5E6F708190A0B0A3 /* PlayerModels.swift */; };
		7E0D50012A11000100000005 /* OfflineCache.swift in Sources */ = {isa = PBXBuildFile; fileRef = 7E38EDB12FF4A16B00EF0B00 /* OfflineCache.swift */; };
		7E0D50012A11000100000006 /* OfflineCache.swift in Sources */ = {isa = PBXBuildFile; fileRef = 7E38EDB12FF4A16B00EF0B00 /* OfflineCache.swift */; };
		7E3A77EA302AB0C100B3E49B /* YouTubeHighlightService.swift in Sources */ = {isa = PBXBuildFile; fileRef = 7E3A77E9302AB0C100B3E49B /* YouTubeHighlightService.swift */; };
		7E47326E2FB4A42D003CB8BE /* Theme.swift in Sources */ = {isa = PBXBuildFile; fileRef = 7E47326D2FB4A42C003CB8BE /* Theme.swift */; };
		7E4732702FB4A42F003CB8BE /* SharedComponents.swift in Sources */ = {isa = PBXBuildFile; fileRef = 7E47326F2FB4A42F003CB8BE /* SharedComponents.swift */; };
		7E4732722FB4A430003CB8BE /* PlayerSelectorView.swift in Sources */ = {isa = PBXBuildFile; fileRef = 7E4732712FB4A430003CB8BE /* PlayerSelectorView.swift */; };
		7E4732742FB4A431003CB8BE /* HomeSections.swift in Sources */ = {isa = PBXBuildFile; fileRef = 7E4732732FB4A431003CB8BE /* HomeSections.swift */; };
		7E4732762FB4A434003CB8BE /* PlayerSections.swift in Sources */ = {isa = PBXBuildFile; fileRef = 7E4732752FB4A434003CB8BE /* PlayerSections.swift */; };
		7E4732782FB4A436003CB8BE /* HomeScreen.swift in Sources */ = {isa = PBXBuildFile; fileRef = 7E4732772FB4A436003CB8BE /* HomeScreen.swift */; };
		7E47327A2FB4A437003CB8BE /* PlayerScreen.swift in Sources */ = {isa = PBXBuildFile; fileRef = 7E4732792FB4A437003CB8BE /* PlayerScreen.swift */; };
		7E47327C2FB4A438003CB8BE /* TriviaScreen.swift in Sources */ = {isa = PBXBuildFile; fileRef = 7E47327B2FB4A438003CB8BE /* TriviaScreen.swift */; };
		7E9712E42FF5E88400229F02 /* BrowseScreen.swift in Sources */ = {isa = PBXBuildFile; fileRef = 7E9712E32FF5E88400229F02 /* BrowseScreen.swift */; };
		7EA237152FDF23CF008DB35A /* DawgLiveActivityManager.swift in Sources */ = {isa = PBXBuildFile; fileRef = 7EA237142FDF23CF008DB35A /* DawgLiveActivityManager.swift */; };
		7EA2371B2FDF24C6008DB35A /* BackgroundRefreshScheduler.swift in Sources */ = {isa = PBXBuildFile; fileRef = 7EA2371A2FDF24C6008DB35A /* BackgroundRefreshScheduler.swift */; };
		7EBAEFB22FC892E300AC5595 /* WidgetKit.framework in Frameworks */ = {isa = PBXBuildFile; fileRef = 7EBAEFB12FC892E300AC5595 /* WidgetKit.framework */; };
		7EBAEFB42FC892E300AC5595 /* SwiftUI.framework in Frameworks */ = {isa = PBXBuildFile; fileRef = 7EBAEFB32FC892E300AC5595 /* SwiftUI.framework */; };
		7EBAEFC52FC892E400AC5595 /* KonnorDailyWidgetExtension.appex in Embed Foundation Extensions */ = {isa = PBXBuildFile; fileRef = 7EBAEFAF2FC892E300AC5595 /* KonnorDailyWidgetExtension.appex */; settings = {ATTRIBUTES = (RemoveHeadersOnCopy, ); }; };
		7EBAEFD02FC892E400AC5595 /* PlayerModels.swift in Sources */ = {isa = PBXBuildFile; fileRef = 1A2B3C4D5E6F708190A0B0A3 /* PlayerModels.swift */; };
		7EBAEFEC2FCA09BB00AC5595 /* KonnorDailyAppIntents.swift in Sources */ = {isa = PBXBuildFile; fileRef = 7EBAEFEB2FCA09BA00AC5595 /* KonnorDailyAppIntents.swift */; };
		7EC87A602FEB77EC00AE0200 /* DraftService.swift in Sources */ = {isa = PBXBuildFile; fileRef = 7EC87A5F2FEB77EC00AE0200 /* DraftService.swift */; };
		7EC87A622FEB780300AE0200 /* DynamicDrafteeStore.swift in Sources */ = {isa = PBXBuildFile; fileRef = 7EC87A612FEB780300AE0200 /* DynamicDrafteeStore.swift */; };
		7EC87A642FEB784200AE0200 /* DraftWatcher.swift in Sources */ = {isa = PBXBuildFile; fileRef = 7EC87A632FEB784200AE0200 /* DraftWatcher.swift */; };
		7EF0A0012FCA100000000001 /* KonnorDailyWatch Watch App.app in Embed Watch Content */ = {isa = PBXBuildFile; fileRef = 7EF0A0022FCA100000000002 /* KonnorDailyWatch Watch App.app */; settings = {ATTRIBUTES = (RemoveHeadersOnCopy, ); }; };
		7EF1A0012A0B000100000001 /* TonightScreen.swift in Sources */ = {isa = PBXBuildFile; fileRef = 7EF1A0012A0B0001000000A1 /* TonightScreen.swift */; };
		7EF4D0012A0E000100000001 /* StadiumFlyoverHero.swift in Sources */ = {isa = PBXBuildFile; fileRef = 7EF4D0012A0E0001000000A1 /* StadiumFlyoverHero.swift */; };
		7EF5E0012A0F000100000001 /* CowbellScreen.swift in Sources */ = {isa = PBXBuildFile; fileRef = 7EF5E0012A0F0001000000A1 /* CowbellScreen.swift */; };
		7EF5E0012A0F000100000002 /* cowbell.wav in Resources */ = {isa = PBXBuildFile; fileRef = 7EF5E0012A0F0001000000A2 /* cowbell.wav */; };
		7EF5E0012A0F000100000003 /* state_script.png in Resources */ = {isa = PBXBuildFile; fileRef = 7EF5E0012A0F0001000000A3 /* state_script.png */; };
		7EF6F0012A10000100000001 /* HeadsUpGame.swift in Sources */ = {isa = PBXBuildFile; fileRef = 7EF6F0012A100001000000A1 /* HeadsUpGame.swift */; };
		A1C11F012FCC11F000000005 /* FormerDawgsClip.app in Embed App Clips */ = {isa = PBXBuildFile; fileRef = A1C11F012FCC11F000000001 /* FormerDawgsClip.app */; settings = {ATTRIBUTES = (RemoveHeadersOnCopy, ); }; };
/* End PBXBuildFile section */

/* Begin PBXContainerItemProxy section */
		7EBAEFC32FC892E400AC5595 /* PBXContainerItemProxy */ = {
			isa = PBXContainerItemProxy;
			containerPortal = 1A2B3C4D5E6F708190A0B010 /* Project object */;
			proxyType = 1;
			remoteGlobalIDString = 7EBAEFAE2FC892E300AC5595;
			remoteInfo = KonnorDailyWidgetExtension;
		};
		7EF0A0032FCA100000000003 /* PBXContainerItemProxy */ = {
			isa = PBXContainerItemProxy;
			containerPortal = 1A2B3C4D5E6F708190A0B010 /* Project object */;
			proxyType = 1;
			remoteGlobalIDString = 7EF0A0042FCA100000000004;
			remoteInfo = "KonnorDailyWatch Watch App";
		};
		A1C11F012FCC11F000000003 /* PBXContainerItemProxy */ = {
			isa = PBXContainerItemProxy;
			containerPortal = 1A2B3C4D5E6F708190A0B010 /* Project object */;
			proxyType = 1;
			remoteGlobalIDString = A1C11F012FCC11F000000002;
			remoteInfo = FormerDawgsClip;
		};
/* End PBXContainerItemProxy section */

/* Begin PBXCopyFilesBuildPhase section */
		7EBAEFC62FC892E400AC5595 /* Embed Foundation Extensions */ = {
			isa = PBXCopyFilesBuildPhase;
			buildActionMask = 2147483647;
			dstPath = "";
			dstSubfolderSpec = 13;
			files = (
				7EBAEFC52FC892E400AC5595 /* KonnorDailyWidgetExtension.appex in Embed Foundation Extensions */,
			);
			name = "Embed Foundation Extensions";
			runOnlyForDeploymentPostprocessing = 0;
		};
		7EF0A0052FCA100000000005 /* Embed Watch Content */ = {
			isa = PBXCopyFilesBuildPhase;
			buildActionMask = 2147483647;
			dstPath = "$(CONTENTS_FOLDER_PATH)/Watch";
			dstSubfolderSpec = 16;
			files = (
				7EF0A0012FCA100000000001 /* KonnorDailyWatch Watch App.app in Embed Watch Content */,
			);
			name = "Embed Watch Content";
			runOnlyForDeploymentPostprocessing = 0;
		};
		A1C11F012FCC11F000000006 /* Embed App Clips */ = {
			isa = PBXCopyFilesBuildPhase;
			buildActionMask = 2147483647;
			dstPath = "$(CONTENTS_FOLDER_PATH)/AppClips";
			dstSubfolderSpec = 16;
			files = (
				A1C11F012FCC11F000000005 /* FormerDawgsClip.app in Embed App Clips */,
			);
			name = "Embed App Clips";
			runOnlyForDeploymentPostprocessing = 0;
		};
/* End PBXCopyFilesBuildPhase section */

/* Begin PBXFileReference section */
		1A2B3C4D5E6F708190A0B001 /* KonnorDaily.app */ = {isa = PBXFileReference; explicitFileType = wrapper.application; includeInIndex = 0; path = KonnorDaily.app; sourceTree = BUILT_PRODUCTS_DIR; };
		1A2B3C4D5E6F708190A0B0A1 /* KonnorDailyApp.swift */ = {isa = PBXFileReference; lastKnownFileType = sourcecode.swift; path = KonnorDailyApp.swift; sourceTree = "<group>"; };
		1A2B3C4D5E6F708190A0B0A2 /* ContentView.swift */ = {isa = PBXFileReference; lastKnownFileType = sourcecode.swift; path = ContentView.swift; sourceTree = "<group>"; };
		1A2B3C4D5E6F708190A0B0A3 /* PlayerModels.swift */ = {isa = PBXFileReference; lastKnownFileType = sourcecode.swift; path = PlayerModels.swift; sourceTree = "<group>"; };
		1A2B3C4D5E6F708190A0B0A4 /* PlayerService.swift */ = {isa = PBXFileReference; lastKnownFileType = sourcecode.swift; path = PlayerService.swift; sourceTree = "<group>"; };
		1A2B3C4D5E6F708190A0B0A5 /* StoriesService.swift */ = {isa = PBXFileReference; lastKnownFileType = sourcecode.swift; path = StoriesService.swift; sourceTree = "<group>"; };
		1A2B3C4D5E6F708190A0B0A6 /* DashboardViewModel.swift */ = {isa = PBXFileReference; lastKnownFileType = sourcecode.swift; path = DashboardViewModel.swift; sourceTree = "<group>"; };
		1A2B3C4D5E6F708190A0B0A7 /* Info.plist */ = {isa = PBXFileReference; lastKnownFileType = text.plist.xml; path = Info.plist; sourceTree = "<group>"; };
		1A2B3C4D5E6F708190A0B0A8 /* Assets.xcassets */ = {isa = PBXFileReference; lastKnownFileType = folder.assetcatalog; path = Assets.xcassets; sourceTree = "<group>"; };
		7E38EDB12FF4A16B00EF0B00 /* OfflineCache.swift */ = {isa = PBXFileReference; lastKnownFileType = sourcecode.swift; path = OfflineCache.swift; sourceTree = "<group>"; };
		7E0D50012A110001000000A1 /* GameDayScheduleService.swift */ = {isa = PBXFileReference; lastKnownFileType = sourcecode.swift; path = GameDayScheduleService.swift; sourceTree = "<group>"; };
		7E3A77E9302AB0C100B3E49B /* YouTubeHighlightService.swift */ = {isa = PBXFileReference; lastKnownFileType = sourcecode.swift; path = YouTubeHighlightService.swift; sourceTree = "<group>"; };
		7E47326D2FB4A42C003CB8BE /* Theme.swift */ = {isa = PBXFileReference; lastKnownFileType = sourcecode.swift; path = Theme.swift; sourceTree = "<group>"; };
		7E47326F2FB4A42F003CB8BE /* SharedComponents.swift */ = {isa = PBXFileReference; lastKnownFileType = sourcecode.swift; path = SharedComponents.swift; sourceTree = "<group>"; };
		7E4732712FB4A430003CB8BE /* PlayerSelectorView.swift */ = {isa = PBXFileReference; lastKnownFileType = sourcecode.swift; path = PlayerSelectorView.swift; sourceTree = "<group>"; };
		7E4732732FB4A431003CB8BE /* HomeSections.swift */ = {isa = PBXFileReference; lastKnownFileType = sourcecode.swift; path = HomeSections.swift; sourceTree = "<group>"; };
		7E4732752FB4A434003CB8BE /* PlayerSections.swift */ = {isa = PBXFileReference; lastKnownFileType = sourcecode.swift; path = PlayerSections.swift; sourceTree = "<group>"; };
		7E4732772FB4A436003CB8BE /* HomeScreen.swift */ = {isa = PBXFileReference; lastKnownFileType = sourcecode.swift; path = HomeScreen.swift; sourceTree = "<group>"; };
		7E4732792FB4A437003CB8BE /* PlayerScreen.swift */ = {isa = PBXFileReference; lastKnownFileType = sourcecode.swift; path = PlayerScreen.swift; sourceTree = "<group>"; };
		7E47327B2FB4A438003CB8BE /* TriviaScreen.swift */ = {isa = PBXFileReference; lastKnownFileType = sourcecode.swift; path = TriviaScreen.swift; sourceTree = "<group>"; };
		7E9712E32FF5E88400229F02 /* BrowseScreen.swift */ = {isa = PBXFileReference; lastKnownFileType = sourcecode.swift; path = BrowseScreen.swift; sourceTree = "<group>"; };
		7EA237142FDF23CF008DB35A /* DawgLiveActivityManager.swift */ = {isa = PBXFileReference; lastKnownFileType = sourcecode.swift; path = DawgLiveActivityManager.swift; sourceTree = "<group>"; };
		7EA2371A2FDF24C6008DB35A /* BackgroundRefreshScheduler.swift */ = {isa = PBXFileReference; lastKnownFileType = sourcecode.swift; path = BackgroundRefreshScheduler.swift; sourceTree = "<group>"; };
		7EBAEFAF2FC892E300AC5595 /* KonnorDailyWidgetExtension.appex */ = {isa = PBXFileReference; explicitFileType = "wrapper.app-extension"; includeInIndex = 0; path = KonnorDailyWidgetExtension.appex; sourceTree = BUILT_PRODUCTS_DIR; };
		7EBAEFB12FC892E300AC5595 /* WidgetKit.framework */ = {isa = PBXFileReference; lastKnownFileType = wrapper.framework; name = WidgetKit.framework; path = System/Library/Frameworks/WidgetKit.framework; sourceTree = SDKROOT; };
		7EBAEFB32FC892E300AC5595 /* SwiftUI.framework */ = {isa = PBXFileReference; lastKnownFileType = wrapper.framework; name = SwiftUI.framework; path = System/Library/Frameworks/SwiftUI.framework; sourceTree = SDKROOT; };
		7EBAEFEB2FCA09BA00AC5595 /* KonnorDailyAppIntents.swift */ = {isa = PBXFileReference; lastKnownFileType = sourcecode.swift; path = KonnorDailyAppIntents.swift; sourceTree = "<group>"; };
		7EC87A5F2FEB77EC00AE0200 /* DraftService.swift */ = {isa = PBXFileReference; lastKnownFileType = sourcecode.swift; path = DraftService.swift; sourceTree = "<group>"; };
		7EC87A612FEB780300AE0200 /* DynamicDrafteeStore.swift */ = {isa = PBXFileReference; lastKnownFileType = sourcecode.swift; path = DynamicDrafteeStore.swift; sourceTree = "<group>"; };
		7EC87A632FEB784200AE0200 /* DraftWatcher.swift */ = {isa = PBXFileReference; lastKnownFileType = sourcecode.swift; path = DraftWatcher.swift; sourceTree = "<group>"; };
		7EF0A0022FCA100000000002 /* KonnorDailyWatch Watch App.app */ = {isa = PBXFileReference; explicitFileType = wrapper.application; includeInIndex = 0; path = "KonnorDailyWatch Watch App.app"; sourceTree = BUILT_PRODUCTS_DIR; };
		7EF1A0012A0B0001000000A1 /* TonightScreen.swift */ = {isa = PBXFileReference; lastKnownFileType = sourcecode.swift; path = TonightScreen.swift; sourceTree = "<group>"; };
		7EF4D0012A0E0001000000A1 /* StadiumFlyoverHero.swift */ = {isa = PBXFileReference; lastKnownFileType = sourcecode.swift; path = StadiumFlyoverHero.swift; sourceTree = "<group>"; };
		7EF5E0012A0F0001000000A1 /* CowbellScreen.swift */ = {isa = PBXFileReference; lastKnownFileType = sourcecode.swift; path = CowbellScreen.swift; sourceTree = "<group>"; };
		7EF5E0012A0F0001000000A2 /* cowbell.wav */ = {isa = PBXFileReference; lastKnownFileType = audio.wav; name = cowbell.wav; path = Resources/cowbell.wav; sourceTree = "<group>"; };
		7EF5E0012A0F0001000000A3 /* state_script.png */ = {isa = PBXFileReference; lastKnownFileType = image.png; name = state_script.png; path = Resources/state_script.png; sourceTree = "<group>"; };
		7EF6F0012A100001000000A1 /* HeadsUpGame.swift */ = {isa = PBXFileReference; lastKnownFileType = sourcecode.swift; path = HeadsUpGame.swift; sourceTree = "<group>"; };
		A1C11F012FCC11F000000001 /* FormerDawgsClip.app */ = {isa = PBXFileReference; explicitFileType = wrapper.application; includeInIndex = 0; path = FormerDawgsClip.app; sourceTree = BUILT_PRODUCTS_DIR; };
/* End PBXFileReference section */

/* Begin PBXFileSystemSynchronizedBuildFileExceptionSet section */
		7EBAEFC92FC892E400AC5595 /* PBXFileSystemSynchronizedBuildFileExceptionSet */ = {
			isa = PBXFileSystemSynchronizedBuildFileExceptionSet;
			membershipExceptions = (
				Info.plist,
			);
			target = 7EBAEFAE2FC892E300AC5595 /* KonnorDailyWidgetExtension */;
		};
		A1C11F012FCC11F000000008 /* PBXFileSystemSynchronizedBuildFileExceptionSet */ = {
			isa = PBXFileSystemSynchronizedBuildFileExceptionSet;
			membershipExceptions = (
				Info.plist,
			);
			target = A1C11F012FCC11F000000002 /* FormerDawgsClip */;
		};
/* End PBXFileSystemSynchronizedBuildFileExceptionSet section */

/* Begin PBXFileSystemSynchronizedRootGroup section */
		7EBAEFB52FC892E300AC5595 /* KonnorDailyWidget */ = {isa = PBXFileSystemSynchronizedRootGroup; exceptions = (7EBAEFC92FC892E400AC5595 /* PBXFileSystemSynchronizedBuildFileExceptionSet */, ); explicitFileTypes = {}; explicitFolders = (); path = KonnorDailyWidget; sourceTree = "<group>"; };
		7EF0A0062FCA100000000006 /* KonnorDailyWatch Watch App */ = {isa = PBXFileSystemSynchronizedRootGroup; explicitFileTypes = {}; explicitFolders = (); path = "KonnorDailyWatch Watch App"; sourceTree = "<group>"; };
		A1C11F012FCC11F000000007 /* FormerDawgsClip */ = {isa = PBXFileSystemSynchronizedRootGroup; exceptions = (A1C11F012FCC11F000000008 /* PBXFileSystemSynchronizedBuildFileExceptionSet */, ); explicitFileTypes = {}; explicitFolders = (); path = FormerDawgsClip; sourceTree = "<group>"; };
/* End PBXFileSystemSynchronizedRootGroup section */

/* Begin PBXFrameworksBuildPhase section */
		1A2B3C4D5E6F708190A0B002 /* Frameworks */ = {
			isa = PBXFrameworksBuildPhase;
			buildActionMask = 2147483647;
			files = (
			);
			runOnlyForDeploymentPostprocessing = 0;
		};
		7EBAEFAC2FC892E300AC5595 /* Frameworks */ = {
			isa = PBXFrameworksBuildPhase;
			buildActionMask = 2147483647;
			files = (
				7EBAEFB42FC892E300AC5595 /* SwiftUI.framework in Frameworks */,
				7EBAEFB22FC892E300AC5595 /* WidgetKit.framework in Frameworks */,
			);
			runOnlyForDeploymentPostprocessing = 0;
		};
		7EF0A00A2FCA10000000000A /* Frameworks */ = {
			isa = PBXFrameworksBuildPhase;
			buildActionMask = 2147483647;
			files = (
			);
			runOnlyForDeploymentPostprocessing = 0;
		};
		A1C11F012FCC11F00000000A /* Frameworks */ = {
			isa = PBXFrameworksBuildPhase;
			buildActionMask = 2147483647;
			files = (
			);
			runOnlyForDeploymentPostprocessing = 0;
		};
/* End PBXFrameworksBuildPhase section */

/* Begin PBXGroup section */
		1A2B3C4D5E6F708190A0B003 = {
			isa = PBXGroup;
			children = (
				1A2B3C4D5E6F708190A0B004 /* KonnorDaily */,
				7EBAEFB52FC892E300AC5595 /* KonnorDailyWidget */,
				7EF0A0062FCA100000000006 /* KonnorDailyWatch Watch App */,
				A1C11F012FCC11F000000007 /* FormerDawgsClip */,
				7EBAEFB02FC892E300AC5595 /* Frameworks */,
				1A2B3C4D5E6F708190A0B005 /* Products */,
			);
			sourceTree = "<group>";
		};
		1A2B3C4D5E6F708190A0B004 /* KonnorDaily */ = {
			isa = PBXGroup;
			children = (
				1A2B3C4D5E6F708190A0B0A1 /* KonnorDailyApp.swift */,
				1A2B3C4D5E6F708190A0B0A2 /* ContentView.swift */,
				1A2B3C4D5E6F708190A0B0A3 /* PlayerModels.swift */,
				1A2B3C4D5E6F708190A0B0A4 /* PlayerService.swift */,
				1A2B3C4D5E6F708190A0B0A5 /* StoriesService.swift */,
				1A2B3C4D5E6F708190A0B0A6 /* DashboardViewModel.swift */,
				1A2B3C4D5E6F708190A0B0A7 /* Info.plist */,
				1A2B3C4D5E6F708190A0B0A8 /* Assets.xcassets */,
				7E47326D2FB4A42C003CB8BE /* Theme.swift */,
				7E47326F2FB4A42F003CB8BE /* SharedComponents.swift */,
				7E4732712FB4A430003CB8BE /* PlayerSelectorView.swift */,
				7E4732732FB4A431003CB8BE /* HomeSections.swift */,
				7E4732752FB4A434003CB8BE /* PlayerSections.swift */,
				7E4732772FB4A436003CB8BE /* HomeScreen.swift */,
				7E4732792FB4A437003CB8BE /* PlayerScreen.swift */,
				7E47327B2FB4A438003CB8BE /* TriviaScreen.swift */,
				7EBAEFEB2FCA09BA00AC5595 /* KonnorDailyAppIntents.swift */,
				7EA237142FDF23CF008DB35A /* DawgLiveActivityManager.swift */,
				7EA2371A2FDF24C6008DB35A /* BackgroundRefreshScheduler.swift */,
				7EC87A5F2FEB77EC00AE0200 /* DraftService.swift */,
				7EC87A612FEB780300AE0200 /* DynamicDrafteeStore.swift */,
				7EC87A632FEB784200AE0200 /* DraftWatcher.swift */,
				7E38EDB12FF4A16B00EF0B00 /* OfflineCache.swift */,
				7E0D50012A110001000000A1 /* GameDayScheduleService.swift */,
				7E9712E32FF5E88400229F02 /* BrowseScreen.swift */,
				7EF1A0012A0B0001000000A1 /* TonightScreen.swift */,
				7EF4D0012A0E0001000000A1 /* StadiumFlyoverHero.swift */,
				7EF5E0012A0F0001000000A2 /* cowbell.wav */,
				7EF5E0012A0F0001000000A3 /* state_script.png */,
				7EF5E0012A0F0001000000A1 /* CowbellScreen.swift */,
				7EF6F0012A100001000000A1 /* HeadsUpGame.swift */,
				7E3A77E9302AB0C100B3E49B /* YouTubeHighlightService.swift */,
			);
			path = KonnorDaily;
			sourceTree = "<group>";
		};
		1A2B3C4D5E6F708190A0B005 /* Products */ = {
			isa = PBXGroup;
			children = (
				1A2B3C4D5E6F708190A0B001 /* KonnorDaily.app */,
				7EBAEFAF2FC892E300AC5595 /* KonnorDailyWidgetExtension.appex */,
				7EF0A0022FCA100000000002 /* KonnorDailyWatch Watch App.app */,
				A1C11F012FCC11F000000001 /* FormerDawgsClip.app */,
			);
			name = Products;
			sourceTree = "<group>";
		};
		7EBAEFB02FC892E300AC5595 /* Frameworks */ = {
			isa = PBXGroup;
			children = (
				7EBAEFB12FC892E300AC5595 /* WidgetKit.framework */,
				7EBAEFB32FC892E300AC5595 /* SwiftUI.framework */,
			);
			name = Frameworks;
			sourceTree = "<group>";
		};
/* End PBXGroup section */

/* Begin PBXNativeTarget section */
		1A2B3C4D5E6F708190A0B006 /* KonnorDaily */ = {
			isa = PBXNativeTarget;
			buildConfigurationList = 1A2B3C4D5E6F708190A0B007 /* Build configuration list for PBXNativeTarget "KonnorDaily" */;
			buildPhases = (
				1A2B3C4D5E6F708190A0B008 /* Sources */,
				1A2B3C4D5E6F708190A0B002 /* Frameworks */,
				1A2B3C4D5E6F708190A0B009 /* Resources */,
				7EBAEFC62FC892E400AC5595 /* Embed Foundation Extensions */,
				7EF0A0052FCA100000000005 /* Embed Watch Content */,
				A1C11F012FCC11F000000006 /* Embed App Clips */,
			);
			buildRules = (
			);
			dependencies = (
				7EBAEFC42FC892E400AC5595 /* PBXTargetDependency */,
				7EF0A0072FCA100000000007 /* PBXTargetDependency */,
				A1C11F012FCC11F000000004 /* PBXTargetDependency */,
			);
			name = KonnorDaily;
			productName = KonnorDaily;
			productReference = 1A2B3C4D5E6F708190A0B001 /* KonnorDaily.app */;
			productType = "com.apple.product-type.application";
		};
		7EBAEFAE2FC892E300AC5595 /* KonnorDailyWidgetExtension */ = {
			isa = PBXNativeTarget;
			buildConfigurationList = 7EBAEFCA2FC892E400AC5595 /* Build configuration list for PBXNativeTarget "KonnorDailyWidgetExtension" */;
			buildPhases = (
				7EBAEFAB2FC892E300AC5595 /* Sources */,
				7EBAEFAC2FC892E300AC5595 /* Frameworks */,
				7EBAEFAD2FC892E300AC5595 /* Resources */,
			);
			buildRules = (
			);
			dependencies = (
			);
			fileSystemSynchronizedGroups = (
				7EBAEFB52FC892E300AC5595 /* KonnorDailyWidget */,
			);
			name = KonnorDailyWidgetExtension;
			packageProductDependencies = (
			);
			productName = KonnorDailyWidgetExtension;
			productReference = 7EBAEFAF2FC892E300AC5595 /* KonnorDailyWidgetExtension.appex */;
			productType = "com.apple.product-type.app-extension";
		};
		7EF0A0042FCA100000000004 /* KonnorDailyWatch Watch App */ = {
			isa = PBXNativeTarget;
			buildConfigurationList = 7EF0A0082FCA100000000008 /* Build configuration list for PBXNativeTarget "KonnorDailyWatch Watch App" */;
			buildPhases = (
				7EF0A0092FCA100000000009 /* Sources */,
				7EF0A00A2FCA10000000000A /* Frameworks */,
				7EF0A00B2FCA10000000000B /* Resources */,
			);
			buildRules = (
			);
			dependencies = (
			);
			fileSystemSynchronizedGroups = (
				7EF0A0062FCA100000000006 /* KonnorDailyWatch Watch App */,
			);
			name = "KonnorDailyWatch Watch App";
			packageProductDependencies = (
			);
			productName = "KonnorDailyWatch Watch App";
			productReference = 7EF0A0022FCA100000000002 /* KonnorDailyWatch Watch App.app */;
			productType = "com.apple.product-type.application";
		};
		A1C11F012FCC11F000000002 /* FormerDawgsClip */ = {
			isa = PBXNativeTarget;
			buildConfigurationList = A1C11F012FCC11F00000000C /* Build configuration list for PBXNativeTarget "FormerDawgsClip" */;
			buildPhases = (
				A1C11F012FCC11F000000009 /* Sources */,
				A1C11F012FCC11F00000000A /* Frameworks */,
				A1C11F012FCC11F00000000B /* Resources */,
			);
			buildRules = (
			);
			dependencies = (
			);
			fileSystemSynchronizedGroups = (
				A1C11F012FCC11F000000007 /* FormerDawgsClip */,
			);
			name = FormerDawgsClip;
			packageProductDependencies = (
			);
			productName = FormerDawgsClip;
			productReference = A1C11F012FCC11F000000001 /* FormerDawgsClip.app */;
			productType = "com.apple.product-type.application.on-demand-install-capable";
		};
/* End PBXNativeTarget section */

/* Begin PBXProject section */
		1A2B3C4D5E6F708190A0B010 /* Project object */ = {
			isa = PBXProject;
			attributes = {
				BuildIndependentTargetsInParallel = 1;
				LastSwiftUpdateCheck = 2650;
				LastUpgradeCheck = 2660;
				TargetAttributes = {
					1A2B3C4D5E6F708190A0B006 = {
						CreatedOnToolsVersion = 15.3;
						SystemCapabilities = {
							com.apple.ApplicationGroups.iOS = {
								enabled = 1;
							};
							com.apple.GameCenter = {
								enabled = 1;
							};
							com.apple.Push = {
								enabled = 1;
							};
							com.apple.iCloud = {
								enabled = 1;
							};
						};
					};
					7EBAEFAE2FC892E300AC5595 = {
						CreatedOnToolsVersion = 26.5;
						SystemCapabilities = {
							com.apple.ApplicationGroups.iOS = {
								enabled = 1;
							};
						};
					};
					7EF0A0042FCA100000000004 = {
						CreatedOnToolsVersion = 26.5;
					};
					A1C11F012FCC11F000000002 = {
						CreatedOnToolsVersion = 26.5;
					};
				};
			};
			buildConfigurationList = 1A2B3C4D5E6F708190A0B011 /* Build configuration list for PBXProject "KonnorDaily" */;
			compatibilityVersion = "Xcode 14.0";
			developmentRegion = en;
			hasScannedForEncodings = 0;
			knownRegions = (
				en,
				Base,
			);
			mainGroup = 1A2B3C4D5E6F708190A0B003;
			productRefGroup = 1A2B3C4D5E6F708190A0B005 /* Products */;
			projectDirPath = "";
			projectRoot = "";
			targets = (
				1A2B3C4D5E6F708190A0B006 /* KonnorDaily */,
				7EBAEFAE2FC892E300AC5595 /* KonnorDailyWidgetExtension */,
				7EF0A0042FCA100000000004 /* KonnorDailyWatch Watch App */,
				A1C11F012FCC11F000000002 /* FormerDawgsClip */,
			);
		};
/* End PBXProject section */

/* Begin PBXResourcesBuildPhase section */
		1A2B3C4D5E6F708190A0B009 /* Resources */ = {
			isa = PBXResourcesBuildPhase;
			buildActionMask = 2147483647;
			files = (
				1A2B3C4D5E6F708190A0B0C7 /* Assets.xcassets in Resources */,
				7EF5E0012A0F000100000002 /* cowbell.wav in Resources */,
				7EF5E0012A0F000100000003 /* state_script.png in Resources */,
			);
			runOnlyForDeploymentPostprocessing = 0;
		};
		7EBAEFAD2FC892E300AC5595 /* Resources */ = {
			isa = PBXResourcesBuildPhase;
			buildActionMask = 2147483647;
			files = (
			);
			runOnlyForDeploymentPostprocessing = 0;
		};
		7EF0A00B2FCA10000000000B /* Resources */ = {
			isa = PBXResourcesBuildPhase;
			buildActionMask = 2147483647;
			files = (
			);
			runOnlyForDeploymentPostprocessing = 0;
		};
		A1C11F012FCC11F00000000B /* Resources */ = {
			isa = PBXResourcesBuildPhase;
			buildActionMask = 2147483647;
			files = (
			);
			runOnlyForDeploymentPostprocessing = 0;
		};
/* End PBXResourcesBuildPhase section */

/* Begin PBXSourcesBuildPhase section */
		1A2B3C4D5E6F708190A0B008 /* Sources */ = {
			isa = PBXSourcesBuildPhase;
			buildActionMask = 2147483647;
			files = (
				1A2B3C4D5E6F708190A0B0C1 /* KonnorDailyApp.swift in Sources */,
				1A2B3C4D5E6F708190A0B0C2 /* ContentView.swift in Sources */,
				7E3A77EA302AB0C100B3E49B /* YouTubeHighlightService.swift in Sources */,
				7E4732742FB4A431003CB8BE /* HomeSections.swift in Sources */,
				7E9712E42FF5E88400229F02 /* BrowseScreen.swift in Sources */,
				7EA237152FDF23CF008DB35A /* DawgLiveActivityManager.swift in Sources */,
				1A2B3C4D5E6F708190A0B0C3 /* PlayerModels.swift in Sources */,
				7E47327A2FB4A437003CB8BE /* PlayerScreen.swift in Sources */,
				7E4732762FB4A434003CB8BE /* PlayerSections.swift in Sources */,
				7EC87A622FEB780300AE0200 /* DynamicDrafteeStore.swift in Sources */,
				7EC87A642FEB784200AE0200 /* DraftWatcher.swift in Sources */,
				7E4732722FB4A430003CB8BE /* PlayerSelectorView.swift in Sources */,
				1A2B3C4D5E6F708190A0B0C4 /* PlayerService.swift in Sources */,
				7E47327C2FB4A438003CB8BE /* TriviaScreen.swift in Sources */,
				1A2B3C4D5E6F708190A0B0C5 /* StoriesService.swift in Sources */,
				7E4732782FB4A436003CB8BE /* HomeScreen.swift in Sources */,
				7E38EDB22FF4A16B00EF0B00 /* OfflineCache.swift in Sources */,
				7E0D50012A11000100000001 /* GameDayScheduleService.swift in Sources */,
				1A2B3C4D5E6F708190A0B0C6 /* DashboardViewModel.swift in Sources */,
				7E4732702FB4A42F003CB8BE /* SharedComponents.swift in Sources */,
				7EBAEFEC2FCA09BB00AC5595 /* KonnorDailyAppIntents.swift in Sources */,
				7E47326E2FB4A42D003CB8BE /* Theme.swift in Sources */,
				7EA2371B2FDF24C6008DB35A /* BackgroundRefreshScheduler.swift in Sources */,
				7EC87A602FEB77EC00AE0200 /* DraftService.swift in Sources */,
				7EF1A0012A0B000100000001 /* TonightScreen.swift in Sources */,
				7EF4D0012A0E000100000001 /* StadiumFlyoverHero.swift in Sources */,
				7EF5E0012A0F000100000001 /* CowbellScreen.swift in Sources */,
				7EF6F0012A10000100000001 /* HeadsUpGame.swift in Sources */,
			);
			runOnlyForDeploymentPostprocessing = 0;
		};
		7EBAEFAB2FC892E300AC5595 /* Sources */ = {
			isa = PBXSourcesBuildPhase;
			buildActionMask = 2147483647;
			files = (
				7EBAEFD02FC892E400AC5595 /* PlayerModels.swift in Sources */,
				7E0D50012A11000100000002 /* GameDayScheduleService.swift in Sources */,
				7E0D50012A11000100000005 /* OfflineCache.swift in Sources */,
			);
			runOnlyForDeploymentPostprocessing = 0;
		};
		7EF0A0092FCA100000000009 /* Sources */ = {
			isa = PBXSourcesBuildPhase;
			buildActionMask = 2147483647;
			files = (
				7E0D50012A11000100000004 /* PlayerModels.swift in Sources */,
				7E0D50012A11000100000003 /* GameDayScheduleService.swift in Sources */,
				7E0D50012A11000100000006 /* OfflineCache.swift in Sources */,
			);
			runOnlyForDeploymentPostprocessing = 0;
		};
		A1C11F012FCC11F000000009 /* Sources */ = {
			isa = PBXSourcesBuildPhase;
			buildActionMask = 2147483647;
			files = (
			);
			runOnlyForDeploymentPostprocessing = 0;
		};
/* End PBXSourcesBuildPhase section */

/* Begin PBXTargetDependency section */
		7EBAEFC42FC892E400AC5595 /* PBXTargetDependency */ = {
			isa = PBXTargetDependency;
			target = 7EBAEFAE2FC892E300AC5595 /* KonnorDailyWidgetExtension */;
			targetProxy = 7EBAEFC32FC892E400AC5595 /* PBXContainerItemProxy */;
		};
		7EF0A0072FCA100000000007 /* PBXTargetDependency */ = {
			isa = PBXTargetDependency;
			target = 7EF0A0042FCA100000000004 /* KonnorDailyWatch Watch App */;
			targetProxy = 7EF0A0032FCA100000000003 /* PBXContainerItemProxy */;
		};
		A1C11F012FCC11F000000004 /* PBXTargetDependency */ = {
			isa = PBXTargetDependency;
			target = A1C11F012FCC11F000000002 /* FormerDawgsClip */;
			targetProxy = A1C11F012FCC11F000000003 /* PBXContainerItemProxy */;
		};
/* End PBXTargetDependency section */

/* Begin XCBuildConfiguration section */
		1A2B3C4D5E6F708190A0B012 /* Debug */ = {
			isa = XCBuildConfiguration;
			buildSettings = {
				ALWAYS_SEARCH_USER_PATHS = NO;
				ASSETCATALOG_COMPILER_GENERATE_SWIFT_ASSET_SYMBOL_EXTENSIONS = YES;
				CLANG_ANALYZER_NONNULL = YES;
				CLANG_ANALYZER_NUMBER_OBJECT_CONVERSION = YES_AGGRESSIVE;
				CLANG_CXX_LANGUAGE_STANDARD = "gnu++20";
				CLANG_ENABLE_MODULES = YES;
				CLANG_ENABLE_OBJC_ARC = YES;
				CLANG_ENABLE_OBJC_WEAK = YES;
				CLANG_WARN_BLOCK_CAPTURE_AUTORELEASING = YES;
				CLANG_WARN_BOOL_CONVERSION = YES;
				CLANG_WARN_COMMA = YES;
				CLANG_WARN_CONSTANT_CONVERSION = YES;
				CLANG_WARN_DEPRECATED_OBJC_IMPLEMENTATIONS = YES;
				CLANG_WARN_DIRECT_OBJC_ISA_USAGE = YES_ERROR;
				CLANG_WARN_DOCUMENTATION_COMMENTS = YES;
				CLANG_WARN_EMPTY_BODY = YES;
				CLANG_WARN_ENUM_CONVERSION = YES;
				CLANG_WARN_INFINITE_RECURSION = YES;
				CLANG_WARN_INT_CONVERSION = YES;
				CLANG_WARN_NON_LITERAL_NULL_CONVERSION = YES;
				CLANG_WARN_OBJC_IMPLICIT_RETAIN_SELF = YES;
				CLANG_WARN_OBJC_LITERAL_CONVERSION = YES;
				CLANG_WARN_OBJC_ROOT_CLASS = YES_ERROR;
				CLANG_WARN_QUOTED_INCLUDE_IN_FRAMEWORK_HEADER = YES;
				CLANG_WARN_RANGE_LOOP_ANALYSIS = YES;
				CLANG_WARN_STRICT_PROTOTYPES = YES;
				CLANG_WARN_SUSPICIOUS_MOVE = YES;
				CLANG_WARN_UNGUARDED_AVAILABILITY = YES_AGGRESSIVE;
				CLANG_WARN_UNREACHABLE_CODE = YES;
				CLANG_WARN__DUPLICATE_METHOD_MATCH = YES;
				COPY_PHASE_STRIP = NO;
				DEBUG_INFORMATION_FORMAT = dwarf;
				DEVELOPMENT_TEAM = AQUAAP25CQ;
				ENABLE_STRICT_OBJC_MSGSEND = YES;
				ENABLE_TESTABILITY = YES;
				ENABLE_USER_SCRIPT_SANDBOXING = YES;
				GCC_C_LANGUAGE_STANDARD = gnu17;
				GCC_DYNAMIC_NO_PIC = NO;
				GCC_NO_COMMON_BLOCKS = YES;
				GCC_OPTIMIZATION_LEVEL = 0;
				GCC_PREPROCESSOR_DEFINITIONS = (
					"DEBUG=1",
					"$(inherited)",
				);
				GCC_WARN_64_TO_32_BIT_CONVERSION = YES;
				GCC_WARN_ABOUT_RETURN_TYPE = YES_ERROR;
				GCC_WARN_UNDECLARED_SELECTOR = YES;
				GCC_WARN_UNINITIALIZED_AUTOS = YES_AGGRESSIVE;
				GCC_WARN_UNUSED_FUNCTION = YES;
				GCC_WARN_UNUSED_VARIABLE = YES;
				IPHONEOS_DEPLOYMENT_TARGET = 17.0;
				MTL_ENABLE_DEBUG_INFO = INCLUDE_SOURCE;
				MTL_FAST_MATH = YES;
				ONLY_ACTIVE_ARCH = YES;
				SDKROOT = iphoneos;
				STRING_CATALOG_GENERATE_SYMBOLS = YES;
				SWIFT_ACTIVE_COMPILATION_CONDITIONS = DEBUG;
				SWIFT_OPTIMIZATION_LEVEL = "-Onone";
			};
			name = Debug;
		};
		1A2B3C4D5E6F708190A0B013 /* Release */ = {
			isa = XCBuildConfiguration;
			buildSettings = {
				ALWAYS_SEARCH_USER_PATHS = NO;
				ASSETCATALOG_COMPILER_GENERATE_SWIFT_ASSET_SYMBOL_EXTENSIONS = YES;
				CLANG_ANALYZER_NONNULL = YES;
				CLANG_ANALYZER_NUMBER_OBJECT_CONVERSION = YES_AGGRESSIVE;
				CLANG_CXX_LANGUAGE_STANDARD = "gnu++20";
				CLANG_ENABLE_MODULES = YES;
				CLANG_ENABLE_OBJC_ARC = YES;
				CLANG_ENABLE_OBJC_WEAK = YES;
				CLANG_WARN_BLOCK_CAPTURE_AUTORELEASING = YES;
				CLANG_WARN_BOOL_CONVERSION = YES;
				CLANG_WARN_COMMA = YES;
				CLANG_WARN_CONSTANT_CONVERSION = YES;
				CLANG_WARN_DEPRECATED_OBJC_IMPLEMENTATIONS = YES;
				CLANG_WARN_DIRECT_OBJC_ISA_USAGE = YES_ERROR;
				CLANG_WARN_DOCUMENTATION_COMMENTS = YES;
				CLANG_WARN_EMPTY_BODY = YES;
				CLANG_WARN_ENUM_CONVERSION = YES;
				CLANG_WARN_INFINITE_RECURSION = YES;
				CLANG_WARN_INT_CONVERSION = YES;
				CLANG_WARN_NON_LITERAL_NULL_CONVERSION = YES;
				CLANG_WARN_OBJC_IMPLICIT_RETAIN_SELF = YES;
				CLANG_WARN_OBJC_LITERAL_CONVERSION = YES;
				CLANG_WARN_OBJC_ROOT_CLASS = YES_ERROR;
				CLANG_WARN_QUOTED_INCLUDE_IN_FRAMEWORK_HEADER = YES;
				CLANG_WARN_RANGE_LOOP_ANALYSIS = YES;
				CLANG_WARN_STRICT_PROTOTYPES = YES;
				CLANG_WARN_SUSPICIOUS_MOVE = YES;
				CLANG_WARN_UNGUARDED_AVAILABILITY = YES_AGGRESSIVE;
				CLANG_WARN_UNREACHABLE_CODE = YES;
				CLANG_WARN__DUPLICATE_METHOD_MATCH = YES;
				COPY_PHASE_STRIP = NO;
				DEBUG_INFORMATION_FORMAT = "dwarf-with-dsym";
				DEVELOPMENT_TEAM = AQUAAP25CQ;
				ENABLE_NS_ASSERTIONS = NO;
				ENABLE_STRICT_OBJC_MSGSEND = YES;
				ENABLE_USER_SCRIPT_SANDBOXING = YES;
				GCC_C_LANGUAGE_STANDARD = gnu17;
				GCC_NO_COMMON_BLOCKS = YES;
				GCC_WARN_64_TO_32_BIT_CONVERSION = YES;
				GCC_WARN_ABOUT_RETURN_TYPE = YES_ERROR;
				GCC_WARN_UNDECLARED_SELECTOR = YES;
				GCC_WARN_UNINITIALIZED_AUTOS = YES_AGGRESSIVE;
				GCC_WARN_UNUSED_FUNCTION = YES;
				GCC_WARN_UNUSED_VARIABLE = YES;
				IPHONEOS_DEPLOYMENT_TARGET = 17.0;
				MTL_ENABLE_DEBUG_INFO = NO;
				MTL_FAST_MATH = YES;
				SDKROOT = iphoneos;
				STRING_CATALOG_GENERATE_SYMBOLS = YES;
				SWIFT_COMPILATION_MODE = wholemodule;
				VALIDATE_PRODUCT = YES;
			};
			name = Release;
		};
		1A2B3C4D5E6F708190A0B014 /* Debug */ = {
			isa = XCBuildConfiguration;
			buildSettings = {
				ASSETCATALOG_COMPILER_APPICON_NAME = AppIcon;
				ASSETCATALOG_COMPILER_INCLUDE_ALL_APPICON_ASSETS = YES;
				CODE_SIGN_ENTITLEMENTS = KonnorDaily/KonnorDaily.entitlements;
				CODE_SIGN_STYLE = Automatic;
				CURRENT_PROJECT_VERSION = 17;
				GENERATE_INFOPLIST_FILE = NO;
				INFOPLIST_FILE = KonnorDaily/Info.plist;
				INFOPLIST_KEY_CFBundleDisplayName = "Former Dawgs";
				INFOPLIST_KEY_LSApplicationCategoryType = "public.app-category.sports";
				INFOPLIST_KEY_UIApplicationSceneManifest_Generation = YES;
				INFOPLIST_KEY_UIApplicationSupportsIndirectInputEvents = YES;
				INFOPLIST_KEY_UILaunchScreen_Generation = YES;
				INFOPLIST_KEY_UISupportedInterfaceOrientations_iPad = "UIInterfaceOrientationPortrait UIInterfaceOrientationPortraitUpsideDown UIInterfaceOrientationLandscapeLeft UIInterfaceOrientationLandscapeRight";
				INFOPLIST_KEY_UISupportedInterfaceOrientations_iPhone = "UIInterfaceOrientationPortrait UIInterfaceOrientationLandscapeLeft UIInterfaceOrientationLandscapeRight";
				LD_RUNPATH_SEARCH_PATHS = (
					"$(inherited)",
					"@executable_path/Frameworks",
				);
				MARKETING_VERSION = 2.4;
				PRODUCT_BUNDLE_IDENTIFIER = com.cwdawg.formerdawgs;
				PRODUCT_NAME = "$(TARGET_NAME)";
				SUPPORTED_PLATFORMS = "iphoneos iphonesimulator";
				SUPPORTS_MACCATALYST = NO;
				SUPPORTS_MAC_DESIGNED_FOR_IPHONE_IPAD = NO;
				SWIFT_EMIT_LOC_STRINGS = YES;
				SWIFT_VERSION = 5.0;
				TARGETED_DEVICE_FAMILY = "1,2";
			};
			name = Debug;
		};
		1A2B3C4D5E6F708190A0B015 /* Release */ = {
			isa = XCBuildConfiguration;
			buildSettings = {
				ASSETCATALOG_COMPILER_APPICON_NAME = AppIcon;
				ASSETCATALOG_COMPILER_INCLUDE_ALL_APPICON_ASSETS = YES;
				CODE_SIGN_ENTITLEMENTS = KonnorDaily/KonnorDaily.entitlements;
				CODE_SIGN_STYLE = Automatic;
				CURRENT_PROJECT_VERSION = 17;
				GENERATE_INFOPLIST_FILE = NO;
				INFOPLIST_FILE = KonnorDaily/Info.plist;
				INFOPLIST_KEY_CFBundleDisplayName = "Former Dawgs";
				INFOPLIST_KEY_LSApplicationCategoryType = "public.app-category.sports";
				INFOPLIST_KEY_UIApplicationSceneManifest_Generation = YES;
				INFOPLIST_KEY_UIApplicationSupportsIndirectInputEvents = YES;
				INFOPLIST_KEY_UILaunchScreen_Generation = YES;
				INFOPLIST_KEY_UISupportedInterfaceOrientations_iPad = "UIInterfaceOrientationPortrait UIInterfaceOrientationPortraitUpsideDown UIInterfaceOrientationLandscapeLeft UIInterfaceOrientationLandscapeRight";
				INFOPLIST_KEY_UISupportedInterfaceOrientations_iPhone = "UIInterfaceOrientationPortrait UIInterfaceOrientationLandscapeLeft UIInterfaceOrientationLandscapeRight";
				LD_RUNPATH_SEARCH_PATHS = (
					"$(inherited)",
					"@executable_path/Frameworks",
				);
				MARKETING_VERSION = 2.4;
				PRODUCT_BUNDLE_IDENTIFIER = com.cwdawg.formerdawgs;
				PRODUCT_NAME = "$(TARGET_NAME)";
				SUPPORTED_PLATFORMS = "iphoneos iphonesimulator";
				SUPPORTS_MACCATALYST = NO;
				SUPPORTS_MAC_DESIGNED_FOR_IPHONE_IPAD = NO;
				SWIFT_EMIT_LOC_STRINGS = YES;
				SWIFT_VERSION = 5.0;
				TARGETED_DEVICE_FAMILY = "1,2";
			};
			name = Release;
		};
		7EBAEFC72FC892E400AC5595 /* Debug */ = {
			isa = XCBuildConfiguration;
			buildSettings = {
				ASSETCATALOG_COMPILER_GENERATE_SWIFT_ASSET_SYMBOL_EXTENSIONS = YES;
				ASSETCATALOG_COMPILER_GLOBAL_ACCENT_COLOR_NAME = AccentColor;
				ASSETCATALOG_COMPILER_WIDGET_BACKGROUND_COLOR_NAME = WidgetBackground;
				CODE_SIGN_ENTITLEMENTS = KonnorDailyWidget/KonnorDailyWidgetExtension.entitlements;
				CODE_SIGN_STYLE = Automatic;
				CURRENT_PROJECT_VERSION = 17;
				GENERATE_INFOPLIST_FILE = YES;
				INFOPLIST_FILE = KonnorDailyWidget/Info.plist;
				INFOPLIST_KEY_CFBundleDisplayName = KonnorDailyWidget;
				INFOPLIST_KEY_NSHumanReadableCopyright = "";
				IPHONEOS_DEPLOYMENT_TARGET = 17.0;
				LD_RUNPATH_SEARCH_PATHS = (
					"$(inherited)",
					"@executable_path/Frameworks",
					"@executable_path/../../Frameworks",
				);
				LOCALIZATION_PREFERS_STRING_CATALOGS = YES;
				MARKETING_VERSION = 2.4;
				PRODUCT_BUNDLE_IDENTIFIER = com.cwdawg.formerdawgs.KonnorDailyWidget;
				PRODUCT_NAME = "$(TARGET_NAME)";
				SKIP_INSTALL = YES;
				STRING_CATALOG_GENERATE_SYMBOLS = YES;
				SWIFT_ACTIVE_COMPILATION_CONDITIONS = "DEBUG $(inherited)";
				SWIFT_APPROACHABLE_CONCURRENCY = YES;
				SWIFT_EMIT_LOC_STRINGS = YES;
				SWIFT_UPCOMING_FEATURE_MEMBER_IMPORT_VISIBILITY = YES;
				SWIFT_VERSION = 5.0;
				TARGETED_DEVICE_FAMILY = "1,2";
			};
			name = Debug;
		};
		7EBAEFC82FC892E400AC5595 /* Release */ = {
			isa = XCBuildConfiguration;
			buildSettings = {
				ASSETCATALOG_COMPILER_GENERATE_SWIFT_ASSET_SYMBOL_EXTENSIONS = YES;
				ASSETCATALOG_COMPILER_GLOBAL_ACCENT_COLOR_NAME = AccentColor;
				ASSETCATALOG_COMPILER_WIDGET_BACKGROUND_COLOR_NAME = WidgetBackground;
				CODE_SIGN_ENTITLEMENTS = KonnorDailyWidget/KonnorDailyWidgetExtension.entitlements;
				CODE_SIGN_STYLE = Automatic;
				CURRENT_PROJECT_VERSION = 17;
				GENERATE_INFOPLIST_FILE = YES;
				INFOPLIST_FILE = KonnorDailyWidget/Info.plist;
				INFOPLIST_KEY_CFBundleDisplayName = KonnorDailyWidget;
				INFOPLIST_KEY_NSHumanReadableCopyright = "";
				IPHONEOS_DEPLOYMENT_TARGET = 17.0;
				LD_RUNPATH_SEARCH_PATHS = (
					"$(inherited)",
					"@executable_path/Frameworks",
					"@executable_path/../../Frameworks",
				);
				LOCALIZATION_PREFERS_STRING_CATALOGS = YES;
				MARKETING_VERSION = 2.4;
				PRODUCT_BUNDLE_IDENTIFIER = com.cwdawg.formerdawgs.KonnorDailyWidget;
				PRODUCT_NAME = "$(TARGET_NAME)";
				SKIP_INSTALL = YES;
				STRING_CATALOG_GENERATE_SYMBOLS = YES;
				SWIFT_APPROACHABLE_CONCURRENCY = YES;
				SWIFT_EMIT_LOC_STRINGS = YES;
				SWIFT_UPCOMING_FEATURE_MEMBER_IMPORT_VISIBILITY = YES;
				SWIFT_VERSION = 5.0;
				TARGETED_DEVICE_FAMILY = "1,2";
			};
			name = Release;
		};
		7EF0A00C2FCA10000000000C /* Debug */ = {
			isa = XCBuildConfiguration;
			buildSettings = {
				ASSETCATALOG_COMPILER_APPICON_NAME = AppIcon;
				INFOPLIST_KEY_CFBundleIconName = AppIcon;
				ASSETCATALOG_COMPILER_GLOBAL_ACCENT_COLOR_NAME = AccentColor;
				CODE_SIGN_ENTITLEMENTS = "KonnorDailyWatch Watch App/KonnorDailyWatch Watch App.entitlements";
				CODE_SIGN_STYLE = Automatic;
				CURRENT_PROJECT_VERSION = 17;
				GENERATE_INFOPLIST_FILE = YES;
				INFOPLIST_KEY_CFBundleDisplayName = KonnorDailyWatch;
				INFOPLIST_KEY_UISupportedInterfaceOrientations = "UIInterfaceOrientationPortrait UIInterfaceOrientationPortraitUpsideDown";
				INFOPLIST_KEY_WKCompanionAppBundleIdentifier = com.cwdawg.formerdawgs;
				LD_RUNPATH_SEARCH_PATHS = (
					"$(inherited)",
					"@executable_path/Frameworks",
				);
				MARKETING_VERSION = 2.4;
				PRODUCT_BUNDLE_IDENTIFIER = com.cwdawg.formerdawgs.watchkitapp;
				PRODUCT_NAME = "$(TARGET_NAME)";
				SDKROOT = watchos;
				SKIP_INSTALL = YES;
				SUPPORTED_PLATFORMS = "watchos watchsimulator";
				SWIFT_EMIT_LOC_STRINGS = YES;
				SWIFT_VERSION = 5.0;
				TARGETED_DEVICE_FAMILY = 4;
				WATCHOS_DEPLOYMENT_TARGET = 11.0;
			};
			name = Debug;
		};
		7EF0A00D2FCA10000000000D /* Release */ = {
			isa = XCBuildConfiguration;
			buildSettings = {
				ASSETCATALOG_COMPILER_APPICON_NAME = AppIcon;
				INFOPLIST_KEY_CFBundleIconName = AppIcon;
				ASSETCATALOG_COMPILER_GLOBAL_ACCENT_COLOR_NAME = AccentColor;
				CODE_SIGN_ENTITLEMENTS = "KonnorDailyWatch Watch App/KonnorDailyWatch Watch App.entitlements";
				CODE_SIGN_STYLE = Automatic;
				CURRENT_PROJECT_VERSION = 17;
				GENERATE_INFOPLIST_FILE = YES;
				INFOPLIST_KEY_CFBundleDisplayName = KonnorDailyWatch;
				INFOPLIST_KEY_UISupportedInterfaceOrientations = "UIInterfaceOrientationPortrait UIInterfaceOrientationPortraitUpsideDown";
				INFOPLIST_KEY_WKCompanionAppBundleIdentifier = com.cwdawg.formerdawgs;
				LD_RUNPATH_SEARCH_PATHS = (
					"$(inherited)",
					"@executable_path/Frameworks",
				);
				MARKETING_VERSION = 2.4;
				PRODUCT_BUNDLE_IDENTIFIER = com.cwdawg.formerdawgs.watchkitapp;
				PRODUCT_NAME = "$(TARGET_NAME)";
				SDKROOT = watchos;
				SKIP_INSTALL = YES;
				SUPPORTED_PLATFORMS = "watchos watchsimulator";
				SWIFT_EMIT_LOC_STRINGS = YES;
				SWIFT_VERSION = 5.0;
				TARGETED_DEVICE_FAMILY = 4;
				WATCHOS_DEPLOYMENT_TARGET = 11.0;
			};
			name = Release;
		};
		A1C11F012FCC11F00000000D /* Debug */ = {
			isa = XCBuildConfiguration;
			buildSettings = {
				ASSETCATALOG_COMPILER_APPICON_NAME = AppIcon;
				ASSETCATALOG_COMPILER_GLOBAL_ACCENT_COLOR_NAME = AccentColor;
				CODE_SIGN_ENTITLEMENTS = FormerDawgsClip/FormerDawgsClip.entitlements;
				CODE_SIGN_STYLE = Automatic;
				CURRENT_PROJECT_VERSION = 17;
				DEVELOPMENT_TEAM = AQUAAP25CQ;
				GENERATE_INFOPLIST_FILE = YES;
				INFOPLIST_FILE = FormerDawgsClip/Info.plist;
				INFOPLIST_KEY_CFBundleDisplayName = "Former Dawgs";
				INFOPLIST_KEY_UIApplicationSceneManifest_Generation = YES;
				INFOPLIST_KEY_UIApplicationSupportsIndirectInputEvents = YES;
				INFOPLIST_KEY_UILaunchScreen_Generation = YES;
				INFOPLIST_KEY_UISupportedInterfaceOrientations_iPhone = UIInterfaceOrientationPortrait;
				IPHONEOS_DEPLOYMENT_TARGET = 17.0;
				LD_RUNPATH_SEARCH_PATHS = (
					"$(inherited)",
					"@executable_path/Frameworks",
				);
				MARKETING_VERSION = 2.4;
				PRODUCT_BUNDLE_IDENTIFIER = com.cwdawg.formerdawgs.Clip;
				PRODUCT_NAME = "$(TARGET_NAME)";
				SKIP_INSTALL = YES;
				SUPPORTED_PLATFORMS = "iphoneos iphonesimulator";
				SUPPORTS_MACCATALYST = NO;
				SWIFT_EMIT_LOC_STRINGS = YES;
				SWIFT_VERSION = 5.0;
				TARGETED_DEVICE_FAMILY = "1,2";
			};
			name = Debug;
		};
		A1C11F012FCC11F00000000E /* Release */ = {
			isa = XCBuildConfiguration;
			buildSettings = {
				ASSETCATALOG_COMPILER_APPICON_NAME = AppIcon;
				ASSETCATALOG_COMPILER_GLOBAL_ACCENT_COLOR_NAME = AccentColor;
				CODE_SIGN_ENTITLEMENTS = FormerDawgsClip/FormerDawgsClip.entitlements;
				CODE_SIGN_STYLE = Automatic;
				CURRENT_PROJECT_VERSION = 17;
				DEVELOPMENT_TEAM = AQUAAP25CQ;
				GENERATE_INFOPLIST_FILE = YES;
				INFOPLIST_FILE = FormerDawgsClip/Info.plist;
				INFOPLIST_KEY_CFBundleDisplayName = "Former Dawgs";
				INFOPLIST_KEY_UIApplicationSceneManifest_Generation = YES;
				INFOPLIST_KEY_UIApplicationSupportsIndirectInputEvents = YES;
				INFOPLIST_KEY_UILaunchScreen_Generation = YES;
				INFOPLIST_KEY_UISupportedInterfaceOrientations_iPhone = UIInterfaceOrientationPortrait;
				IPHONEOS_DEPLOYMENT_TARGET = 17.0;
				LD_RUNPATH_SEARCH_PATHS = (
					"$(inherited)",
					"@executable_path/Frameworks",
				);
				MARKETING_VERSION = 2.4;
				PRODUCT_BUNDLE_IDENTIFIER = com.cwdawg.formerdawgs.Clip;
				PRODUCT_NAME = "$(TARGET_NAME)";
				SKIP_INSTALL = YES;
				SUPPORTED_PLATFORMS = "iphoneos iphonesimulator";
				SUPPORTS_MACCATALYST = NO;
				SWIFT_EMIT_LOC_STRINGS = YES;
				SWIFT_VERSION = 5.0;
				TARGETED_DEVICE_FAMILY = "1,2";
			};
			name = Release;
		};
/* End XCBuildConfiguration section */

/* Begin XCConfigurationList section */
		1A2B3C4D5E6F708190A0B007 /* Build configuration list for PBXNativeTarget "KonnorDaily" */ = {
			isa = XCConfigurationList;
			buildConfigurations = (
				1A2B3C4D5E6F708190A0B014 /* Debug */,
				1A2B3C4D5E6F708190A0B015 /* Release */,
			);
			defaultConfigurationIsVisible = 0;
			defaultConfigurationName = Release;
		};
		1A2B3C4D5E6F708190A0B011 /* Build configuration list for PBXProject "KonnorDaily" */ = {
			isa = XCConfigurationList;
			buildConfigurations = (
				1A2B3C4D5E6F708190A0B012 /* Debug */,
				1A2B3C4D5E6F708190A0B013 /* Release */,
			);
			defaultConfigurationIsVisible = 0;
			defaultConfigurationName = Release;
		};
		7EBAEFCA2FC892E400AC5595 /* Build configuration list for PBXNativeTarget "KonnorDailyWidgetExtension" */ = {
			isa = XCConfigurationList;
			buildConfigurations = (
				7EBAEFC72FC892E400AC5595 /* Debug */,
				7EBAEFC82FC892E400AC5595 /* Release */,
			);
			defaultConfigurationIsVisible = 0;
			defaultConfigurationName = Release;
		};
		7EF0A0082FCA100000000008 /* Build configuration list for PBXNativeTarget "KonnorDailyWatch Watch App" */ = {
			isa = XCConfigurationList;
			buildConfigurations = (
				7EF0A00C2FCA10000000000C /* Debug */,
				7EF0A00D2FCA10000000000D /* Release */,
			);
			defaultConfigurationIsVisible = 0;
			defaultConfigurationName = Release;
		};
		A1C11F012FCC11F00000000C /* Build configuration list for PBXNativeTarget "FormerDawgsClip" */ = {
			isa = XCConfigurationList;
			buildConfigurations = (
				A1C11F012FCC11F00000000D /* Debug */,
				A1C11F012FCC11F00000000E /* Release */,
			);
			defaultConfigurationIsVisible = 0;
			defaultConfigurationName = Release;
		};
/* End XCConfigurationList section */
	};
	rootObject = 1A2B3C4D5E6F708190A0B010 /* Project object */;
}
